// !$*UTF8*$!
{
	archiveVersion = 1;
	classes = {
	};
	objectVersion = 50;
	objects = {

/* Begin PBXBuildFile section */
		9EC36797253D503800D59A3C /* AppDelegate.swift in Sources */ = {isa = PBXBuildFile; fileRef = 9EC36796253D503800D59A3C /* AppDelegate.swift */; };
		9EC36799253D503800D59A3C /* SceneDelegate.swift in Sources */ = {isa = PBXBuildFile; fileRef = 9EC36798253D503800D59A3C /* SceneDelegate.swift */; };
		9EC3679B253D503800D59A3C /* ContentView.swift in Sources */ = {isa = PBXBuildFile; fileRef = 9EC3679A253D503800D59A3C /* ContentView.swift */; };
		9EC3679D253D503B00D59A3C /* Assets.xcassets in Resources */ = {isa = PBXBuildFile; fileRef = 9EC3679C253D503B00D59A3C /* Assets.xcassets */; };
		9EC367A0253D503B00D59A3C /* Preview Assets.xcassets in Resources */ = {isa = PBXBuildFile; fileRef = 9EC3679F253D503B00D59A3C /* Preview Assets.xcassets */; };
		9EC367A3253D503B00D59A3C /* LaunchScreen.storyboard in Resources */ = {isa = PBXBuildFile; fileRef = 9EC367A1253D503B00D59A3C /* LaunchScreen.storyboard */; };
		9EC367AD253D50B000D59A3C /* MyProjectCard.swift in Sources */ = {isa = PBXBuildFile; fileRef = 9EC367AC253D50B000D59A3C /* MyProjectCard.swift */; };
		9EC367B1253D74AB00D59A3C /* MyBasicCard.swift in Sources */ = {isa = PBXBuildFile; fileRef = 9EC367B0253D74AB00D59A3C /* MyBasicCard.swift */; };
		9ED34463253E996A00874DCE /* MyList.swift in Sources */ = {isa = PBXBuildFile; fileRef = 9ED34462253E996A00874DCE /* MyList.swift */; };
		9ED34469253EA2CB00874DCE /* MyProfileView.swift in Sources */ = {isa = PBXBuildFile; fileRef = 9ED34468253EA2CB00874DCE /* MyProfileView.swift */; };
		9ED3446F253EA93C00874DCE /* MyWebview.swift in Sources */ = {isa = PBXBuildFile; fileRef = 9ED3446E253EA93C00874DCE /* MyWebview.swift */; };
/* End PBXBuildFile section */

/* Begin PBXFileReference section */
		9EC36793253D503800D59A3C /* SwiftUITest03-Todo.app */ = {isa = PBXFileReference; explicitFileType = wrapper.application; includeInIndex = 0; path = "SwiftUITest03-Todo.app"; sourceTree = BUILT_PRODUCTS_DIR; };
		9EC36796253D503800D59A3C /* AppDelegate.swift */ = {isa = PBXFileReference; lastKnownFileType = sourcecode.swift; path = AppDelegate.swift; sourceTree = "<group>"; };
		9EC36798253D503800D59A3C /* SceneDelegate.swift */ = {isa = PBXFileReference; lastKnownFileType = sourcecode.swift; path = SceneDelegate.swift; sourceTree = "<group>"; };
		9EC3679A253D503800D59A3C /* ContentView.swift */ = {isa = PBXFileReference; lastKnownFileType = sourcecode.swift; path = ContentView.swift; sourceTree = "<group>"; };
		9EC3679C253D503B00D59A3C /* Assets.xcassets */ = {isa = PBXFileReference; lastKnownFileType = folder.assetcatalog; path = Assets.xcassets; sourceTree = "<group>"; };
		9EC3679F253D503B00D59A3C /* Preview Assets.xcassets */ = {isa = PBXFileReference; lastKnownFileType = folder.assetcatalog; path = "Preview Assets.xcassets"; sourceTree = "<group>"; };
		9EC367A2253D503B00D59A3C /* Base */ = {isa = PBXFileReference; lastKnownFileType = file.storyboard; name = Base; path = Base.lproj/LaunchScreen.storyboard; sourceTree = "<group>"; };
		9EC367A4253D503B00D59A3C /* Info.plist */ = {isa = PBXFileReference; lastKnownFileType = text.plist.xml; path = Info.plist; sourceTree = "<group>"; };
		9EC367AC253D50B000D59A3C /* MyProjectCard.swift */ = {isa = PBXFileReference; lastKnownFileType = sourcecode.swift; path = MyProjectCard.swift; sourceTree = "<group>"; };
		9EC367B0253D74AB00D59A3C /* MyBasicCard.swift */ = {isa = PBXFileReference; lastKnownFileType = sourcecode.swift; path = MyBasicCard.swift; sourceTree = "<group>"; };
		9ED34462253E996A00874DCE /* MyList.swift */ = {isa = PBXFileReference; lastKnownFileType = sourcecode.swift; path = MyList.swift; sourceTree = "<group>"; };
		9ED34468253EA2CB00874DCE /* MyProfileView.swift */ = {isa = PBXFileReference; lastKnownFileType = sourcecode.swift; path = MyProfileView.swift; sourceTree = "<group>"; };
		9ED3446E253EA93C00874DCE /* MyWebview.swift */ = {isa = PBXFileReference; fileEncoding = 4; lastKnownFileType = sourcecode.swift; path = MyWebview.swift; sourceTree = "<group>"; };
/* End PBXFileReference section */

/* Begin PBXFrameworksBuildPhase section */
		9EC36790253D503800D59A3C /* Frameworks */ = {
			isa = PBXFrameworksBuildPhase;
			buildActionMask = 2147483647;
			files = (
			);
			runOnlyForDeploymentPostprocessing = 0;
		};
/* End PBXFrameworksBuildPhase section */

/* Begin PBXGroup section */
		9EC3678A253D503800D59A3C = {
			isa = PBXGroup;
			children = (
				9EC36795253D503800D59A3C /* SwiftUITest03-Todo */,
				9EC36794253D503800D59A3C /* Products */,
			);
			sourceTree = "<group>";
		};
		9EC36794253D503800D59A3C /* Products */ = {
			isa = PBXGroup;
			children = (
				9EC36793253D503800D59A3C /* SwiftUITest03-Todo.app */,
			);
			name = Products;
			sourceTree = "<group>";
		};
		9EC36795253D503800D59A3C /* SwiftUITest03-Todo */ = {
			isa = PBXGroup;
			children = (
				9EC367AB253D509300D59A3C /* ContentView */,
				9EC36796253D503800D59A3C /* AppDelegate.swift */,
				9EC36798253D503800D59A3C /* SceneDelegate.swift */,
				9EC3679C253D503B00D59A3C /* Assets.xcassets */,
				9EC367A1253D503B00D59A3C /* LaunchScreen.storyboard */,
				9EC367A4253D503B00D59A3C /* Info.plist */,
				9EC3679E253D503B00D59A3C /* Preview Content */,
			);
			path = "SwiftUITest03-Todo";
			sourceTree = "<group>";
		};
		9EC3679E253D503B00D59A3C /* Preview Content */ = {
			isa = PBXGroup;
			children = (
				9EC3679F253D503B00D59A3C /* Preview Assets.xcassets */,
			);
			path = "Preview Content";
			sourceTree = "<group>";
		};
		9EC367AB253D509300D59A3C /* ContentView */ = {
			isa = PBXGroup;
			children = (
				9EC3679A253D503800D59A3C /* ContentView.swift */,
				9ED3446E253EA93C00874DCE /* MyWebview.swift */,
				9EC367AC253D50B000D59A3C /* MyProjectCard.swift */,
				9EC367B0253D74AB00D59A3C /* MyBasicCard.swift */,
				9ED34462253E996A00874DCE /* MyList.swift */,
				9ED34468253EA2CB00874DCE /* MyProfileView.swift */,
			);
			path = ContentView;
			sourceTree = "<group>";
		};
/* End PBXGroup section */

/* Begin PBXNativeTarget section */
		9EC36792253D503800D59A3C /* SwiftUITest03-Todo */ = {
			isa = PBXNativeTarget;
			buildConfigurationList = 9EC367A7253D503B00D59A3C /* Build configuration list for PBXNativeTarget "SwiftUITest03-Todo" */;
			buildPhases = (
				9EC3678F253D503800D59A3C /* Sources */,
				9EC36790253D503800D59A3C /* Frameworks */,
				9EC36791253D503800D59A3C /* Resources */,
			);
			buildRules = (
			);
			dependencies = (
			);
			name = "SwiftUITest03-Todo";
			productName = "SwiftUITest03- Todo";
			productReference = 9EC36793253D503800D59A3C /* SwiftUITest03-Todo.app */;
			productType = "com.apple.product-type.application";
		};
/* End PBXNativeTarget section */

/* Begin PBXProject section */
		9EC3678B253D503800D59A3C /* Project object */ = {
			isa = PBXProject;
			attributes = {
				LastSwiftUpdateCheck = 1200;
				LastUpgradeCheck = 1200;
				TargetAttributes = {
					9EC36792253D503800D59A3C = {
						CreatedOnToolsVersion = 12.0.1;
					};
				};
			};
			buildConfigurationList = 9EC3678E253D503800D59A3C /* Build configuration list for PBXProject "SwiftUITest03-Todo" */;
			compatibilityVersion = "Xcode 9.3";
			developmentRegion = en;
			hasScannedForEncodings = 0;
			knownRegions = (
				en,
				Base,
			);
			mainGroup = 9EC3678A253D503800D59A3C;
			productRefGroup = 9EC36794253D503800D59A3C /* Products */;
			projectDirPath = "";
			projectRoot = "";
			targets = (
				9EC36792253D503800D59A3C /* SwiftUITest03-Todo */,
			);
		};
/* End PBXProject section */

/* Begin PBXResourcesBuildPhase section */
		9EC36791253D503800D59A3C /* Resources */ = {
			isa = PBXResourcesBuildPhase;
			buildActionMask = 2147483647;
			files = (
				9EC367A3253D503B00D59A3C /* LaunchScreen.storyboard in Resources */,
				9EC367A0253D503B00D59A3C /* Preview Assets.xcassets in Resources */,
				9EC3679D253D503B00D59A3C /* Assets.xcassets in Resources */,
			);
			runOnlyForDeploymentPostprocessing = 0;
		};
/* End PBXResourcesBuildPhase section */

/* Begin PBXSourcesBuildPhase section */
		9EC3678F253D503800D59A3C /* Sources */ = {
			isa = PBXSourcesBuildPhase;
			buildActionMask = 2147483647;
			files = (
				9ED34469253EA2CB00874DCE /* MyProfileView.swift in Sources */,
				9EC36797253D503800D59A3C /* AppDelegate.swift in Sources */,
				9EC367B1253D74AB00D59A3C /* MyBasicCard.swift in Sources */,
				9EC367AD253D50B000D59A3C /* MyProjectCard.swift in Sources */,
				9EC36799253D503800D59A3C /* SceneDelegate.swift in Sources */,
				9EC3679B253D503800D59A3C /* ContentView.swift in Sources */,
				9ED34463253E996A00874DCE /* MyList.swift in Sources */,
				9ED3446F253EA93C00874DCE /* MyWebview.swift in Sources */,
			);
			runOnlyForDeploymentPostprocessing = 0;
		};
/* End PBXSourcesBuildPhase section */

/* Begin PBXVariantGroup section */
		9EC367A1253D503B00D59A3C /* LaunchScreen.storyboard */ = {
			isa = PBXVariantGroup;
			children = (
				9EC367A2253D503B00D59A3C /* Base */,
			);
			name = LaunchScreen.storyboard;
			sourceTree = "<group>";
		};
/* End PBXVariantGroup section */

/* Begin XCBuildConfiguration section */
		9EC367A5253D503B00D59A3C /* Debug */ = {
			isa = XCBuildConfiguration;
			buildSettings = {
				ALWAYS_SEARCH_USER_PATHS = NO;
				CLANG_ANALYZER_NONNULL = YES;
				CLANG_ANALYZER_NUMBER_OBJECT_CONVERSION = YES_AGGRESSIVE;
				CLANG_CXX_LANGUAGE_STANDARD = "gnu++14";
				CLANG_CXX_LIBRARY = "libc++";
				CLANG_ENABLE_MODULES = YES;
				CLANG_ENABLE_OBJC_ARC = YES;
				CLANG_ENABLE_OBJC_WEAK = YES;
				CLANG_WARN_BLOCK_CAPTURE_AUTORELEASING = YES;
				CLANG_WARN_BOOL_CONVERSION = YES;
				CLANG_WARN_COMMA = YES;
				CLANG_WARN_CONSTANT_CONVERSION = YES;
				CLANG_WARN_DEPRECATED_OBJC_IMPLEMENTATIONS = YES;
				CLANG_WARN_DIRECT_OBJC_ISA_USAGE = YES_ERROR;
				CLANG_WARN_DOCUMENTATION_COMMENTS = YES;
				CLANG_WARN_EMPTY_BODY = YES;
				CLANG_WARN_ENUM_CONVERSION = YES;
				CLANG_WARN_INFINITE_RECURSION = YES;
				CLANG_WARN_INT_CONVERSION = YES;
				CLANG_WARN_NON_LITERAL_NULL_CONVERSION = YES;
				CLANG_WARN_OBJC_IMPLICIT_RETAIN_SELF = YES;
				CLANG_WARN_OBJC_LITERAL_CONVERSION = YES;
				CLANG_WARN_OBJC_ROOT_CLASS = YES_ERROR;
				CLANG_WARN_QUOTED_INCLUDE_IN_FRAMEWORK_HEADER = YES;
				CLANG_WARN_RANGE_LOOP_ANALYSIS = YES;
				CLANG_WARN_STRICT_PROTOTYPES = YES;
				CLANG_WARN_SUSPICIOUS_MOVE = YES;
				CLANG_WARN_UNGUARDED_AVAILABILITY = YES_AGGRESSIVE;
				CLANG_WARN_UNREACHABLE_CODE = YES;
				CLANG_WARN__DUPLICATE_METHOD_MATCH = YES;
				COPY_PHASE_STRIP = NO;
				DEBUG_INFORMATION_FORMAT = dwarf;
				ENABLE_STRICT_OBJC_MSGSEND = YES;
				ENABLE_TESTABILITY = YES;
				GCC_C_LANGUAGE_STANDARD = gnu11;
				GCC_DYNAMIC_NO_PIC = NO;
				GCC_NO_COMMON_BLOCKS = YES;
				GCC_OPTIMIZATION_LEVEL = 0;
				GCC_PREPROCESSOR_DEFINITIONS = (
					"DEBUG=1",
					"$(inherited)",
				);
				GCC_WARN_64_TO_32_BIT_CONVERSION = YES;
				GCC_WARN_ABOUT_RETURN_TYPE = YES_ERROR;
				GCC_WARN_UNDECLARED_SELECTOR = YES;
				GCC_WARN_UNINITIALIZED_AUTOS = YES_AGGRESSIVE;
				GCC_WARN_UNUSED_FUNCTION = YES;
				GCC_WARN_UNUSED_VARIABLE = YES;
				IPHONEOS_DEPLOYMENT_TARGET = 14.0;
				MTL_ENABLE_DEBUG_INFO = INCLUDE_SOURCE;
				MTL_FAST_MATH = YES;
				ONLY_ACTIVE_ARCH = YES;
				SDKROOT = iphoneos;
				SWIFT_ACTIVE_COMPILATION_CONDITIONS = DEBUG;
				SWIFT_OPTIMIZATION_LEVEL = "-Onone";
			};
			name = Debug;
		};
		9EC367A6253D503B00D59A3C /* Release */ = {
			isa = XCBuildConfiguration;
			buildSettings = {
				ALWAYS_SEARCH_USER_PATHS = NO;
				CLANG_ANALYZER_NONNULL = YES;
				CLANG_ANALYZER_NUMBER_OBJECT_CONVERSION = YES_AGGRESSIVE;
				CLANG_CXX_LANGUAGE_STANDARD = "gnu++14";
				CLANG_CXX_LIBRARY = "libc++";
				CLANG_ENABLE_MODULES = YES;
				CLANG_ENABLE_OBJC_ARC = YES;
				CLANG_ENABLE_OBJC_WEAK = YES;
				CLANG_WARN_BLOCK_CAPTURE_AUTORELEASING = YES;
				CLANG_WARN_BOOL_CONVERSION = YES;
				CLANG_WARN_COMMA = YES;
				CLANG_WARN_CONSTANT_CONVERSION = YES;
				CLANG_WARN_DEPRECATED_OBJC_IMPLEMENTATIONS = YES;
				CLANG_WARN_DIRECT_OBJC_ISA_USAGE = YES_ERROR;
				CLANG_WARN_DOCUMENTATION_COMMENTS = YES;
				CLANG_WARN_EMPTY_BODY = YES;
				CLANG_WARN_ENUM_CONVERSION = YES;
				CLANG_WARN_INFINITE_RECURSION = YES;
				CLANG_WARN_INT_CONVERSION = YES;
				CLANG_WARN_NON_LITERAL_NULL_CONVERSION = YES;
				CLANG_WARN_OBJC_IMPLICIT_RETAIN_SELF = YES;
				CLANG_WARN_OBJC_LITERAL_CONVERSION = YES;
				CLANG_WARN_OBJC_ROOT_CLASS = YES_ERROR;
				CLANG_WARN_QUOTED_INCLUDE_IN_FRAMEWORK_HEADER = YES;
				CLANG_WARN_RANGE_LOOP_ANALYSIS = YES;
				CLANG_WARN_STRICT_PROTOTYPES = YES;
				CLANG_WARN_SUSPICIOUS_MOVE = YES;
				CLANG_WARN_UNGUARDED_AVAILABILITY = YES_AGGRESSIVE;
				CLANG_WARN_UNREACHABLE_CODE = YES;
				CLANG_WARN__DUPLICATE_METHOD_MATCH = YES;
				COPY_PHASE_STRIP = NO;
				DEBUG_INFORMATION_FORMAT = "dwarf-with-dsym";
				ENABLE_NS_ASSERTIONS = NO;
				ENABLE_STRICT_OBJC_MSGSEND = YES;
				GCC_C_LANGUAGE_STANDARD = gnu11;
				GCC_NO_COMMON_BLOCKS = YES;
				GCC_WARN_64_TO_32_BIT_CONVERSION = YES;
				GCC_WARN_ABOUT_RETURN_TYPE = YES_ERROR;
				GCC_WARN_UNDECLARED_SELECTOR = YES;
				GCC_WARN_UNINITIALIZED_AUTOS = YES_AGGRESSIVE;
				GCC_WARN_UNUSED_FUNCTION = YES;
				GCC_WARN_UNUSED_VARIABLE = YES;
				IPHONEOS_DEPLOYMENT_TARGET = 14.0;
				MTL_ENABLE_DEBUG_INFO = NO;
				MTL_FAST_MATH = YES;
				SDKROOT = iphoneos;
				SWIFT_COMPILATION_MODE = wholemodule;
				SWIFT_OPTIMIZATION_LEVEL = "-O";
				VALIDATE_PRODUCT = YES;
			};
			name = Release;
		};
		9EC367A8253D503B00D59A3C /* Debug */ = {
			isa = XCBuildConfiguration;
			buildSettings = {
				ASSETCATALOG_COMPILER_APPICON_NAME = AppIcon;
				ASSETCATALOG_COMPILER_GLOBAL_ACCENT_COLOR_NAME = AccentColor;
				CODE_SIGN_STYLE = Automatic;
				DEVELOPMENT_ASSET_PATHS = "\"SwiftUITest03-Todo/Preview Content\"";
				DEVELOPMENT_TEAM = W33H96C7PY;
				ENABLE_PREVIEWS = YES;
				INFOPLIST_FILE = "SwiftUITest03-Todo/Info.plist";
				LD_RUNPATH_SEARCH_PATHS = (
					"$(inherited)",
					"@executable_path/Frameworks",
				);
				PRODUCT_BUNDLE_IDENTIFIER = "com.jhchoo.SwiftUITest03-Todo";
				PRODUCT_NAME = "$(TARGET_NAME)";
				SWIFT_VERSION = 5.0;
				TARGETED_DEVICE_FAMILY = "1,2";
			};
			name = Debug;
		};
		9EC367A9253D503B00D59A3C /* Release */ = {
			isa = XCBuildConfiguration;
			buildSettings = {
				ASSETCATALOG_COMPILER_APPICON_NAME = AppIcon;
				ASSETCATALOG_COMPILER_GLOBAL_ACCENT_COLOR_NAME = AccentColor;
				CODE_SIGN_STYLE = Automatic;
				DEVELOPMENT_ASSET_PATHS = "\"SwiftUITest03-Todo/Preview Content\"";
				DEVELOPMENT_TEAM = W33H96C7PY;
				ENABLE_PREVIEWS = YES;
				INFOPLIST_FILE = "SwiftUITest03-Todo/Info.plist";
				LD_RUNPATH_SEARCH_PATHS = (
					"$(inherited)",
					"@executable_path/Frameworks",
				);
				PRODUCT_BUNDLE_IDENTIFIER = "com.jhchoo.SwiftUITest03-Todo";
				PRODUCT_NAME = "$(TARGET_NAME)";
				SWIFT_VERSION = 5.0;
				TARGETED_DEVICE_FAMILY = "1,2";
			};
			name = Release;
		};
/* End XCBuildConfiguration section */

/* Begin XCConfigurationList section */
		9EC3678E253D503800D59A3C /* Build configuration list for PBXProject "SwiftUITest03-Todo" */ = {
			isa = XCConfigurationList;
			buildConfigurations = (
				9EC367A5253D503B00D59A3C /* Debug */,
				9EC367A6253D503B00D59A3C /* Release */,
			);
			defaultConfigurationIsVisible = 0;
			defaultConfigurationName = Release;
		};
		9EC367A7253D503B00D59A3C /* Build configuration list for PBXNativeTarget "SwiftUITest03-Todo" */ = {
			isa = XCConfigurationList;
			buildConfigurations = (
				9EC367A8253D503B00D59A3C /* Debug */,
				9EC367A9253D503B00D59A3C /* Release */,
			);
			defaultConfigurationIsVisible = 0;
			defaultConfigurationName = Release;
		};
/* End XCConfigurationList section */
	};
	rootObject = 9EC3678B253D503800D59A3C /* Project object */;
}
